
Microsoft Visual Studio Solution File, Format Version 12.00
# Visual Studio Version 16
VisualStudioVersion = 16.0.30611.23
MinimumVisualStudioVersion = 10.0.40219.1
Project("{FAE04EC0-301F-11D3-BF4B-00C04F79EFBC}") = "Training.API", "Training.API\Training.API.csproj", "{CBB87FEF-71D4-4312-B69A-9E8087865525}"
EndProject
Global
	GlobalSection(SolutionConfigurationPlatforms) = preSolution
		Debug|Any CPU = Debug|Any CPU
		Release|Any CPU = Release|Any CPU
	EndGlobalSection
	GlobalSection(ProjectConfigurationPlatforms) = postSolution
		{CBB87FEF-71D4-4312-B69A-9E8087865525}.Debug|Any CPU.ActiveCfg = Debug|Any CPU
		{CBB87FEF-71D4-4312-B69A-9E8087865525}.Debug|Any CPU.Build.0 = Debug|Any CPU
		{CBB87FEF-71D4-4312-B69A-9E8087865525}.Release|Any CPU.ActiveCfg = Release|Any CPU
		{CBB87FEF-71D4-4312-B69A-9E8087865525}.Release|Any CPU.Build.0 = Release|Any CPU
	EndGlobalSection
	GlobalSection(SolutionProperties) = preSolution
		HideSolutionNode = FALSE
	EndGlobalSection
	GlobalSection(ExtensibilityGlobals) = postSolution
		SolutionGuid = {5E7F0B48-2AB5-40F5-B702-3E61CD490DE3}
	EndGlobalSection
EndGlobal
