
Microsoft Visual Studio Solution File, Format Version 12.00
# Visual Studio Version 16
VisualStudioVersion = 16.0.30611.23
MinimumVisualStudioVersion = 10.0.40219.1
Project("{9A19103F-16F7-4668-BE54-9A1E7A4F7556}") = "Training.API", "Training.API\Training.API.csproj", "{CBB87FEF-71D4-4312-B69A-9E8087865525}"
EndProject
Project("{9A19103F-16F7-4668-BE54-9A1E7A4F7556}") = "Training.Data", "..\Training.Data\Training.Data.csproj", "{C63B4D77-7B87-4105-B3B1-C95B0CBF9A9F}"
EndProject
Project("{FAE04EC0-301F-11D3-BF4B-00C04F79EFBC}") = "Training.Framework", "..\Training.Framework\Training.Framework.csproj", "{C2F5FEA8-B1B9-4A63-8E87-E9BAD3567D4B}"
EndProject
Global
	GlobalSection(SolutionConfigurationPlatforms) = preSolution
		Debug|Any CPU = Debug|Any CPU
		Release|Any CPU = Release|Any CPU
	EndGlobalSection
	GlobalSection(ProjectConfigurationPlatforms) = postSolution
		{CBB87FEF-71D4-4312-B69A-9E8087865525}.Debug|Any CPU.ActiveCfg = Debug|Any CPU
		{CBB87FEF-71D4-4312-B69A-9E8087865525}.Debug|Any CPU.Build.0 = Debug|Any CPU
		{CBB87FEF-71D4-4312-B69A-9E8087865525}.Release|Any CPU.ActiveCfg = Release|Any CPU
		{CBB87FEF-71D4-4312-B69A-9E8087865525}.Release|Any CPU.Build.0 = Release|Any CPU
		{C63B4D77-7B87-4105-B3B1-C95B0CBF9A9F}.Debug|Any CPU.ActiveCfg = Debug|Any CPU
		{C63B4D77-7B87-4105-B3B1-C95B0CBF9A9F}.Debug|Any CPU.Build.0 = Debug|Any CPU
		{C63B4D77-7B87-4105-B3B1-C95B0CBF9A9F}.Release|Any CPU.ActiveCfg = Release|Any CPU
		{C63B4D77-7B87-4105-B3B1-C95B0CBF9A9F}.Release|Any CPU.Build.0 = Release|Any CPU
		{C2F5FEA8-B1B9-4A63-8E87-E9BAD3567D4B}.Debug|Any CPU.ActiveCfg = Debug|Any CPU
		{C2F5FEA8-B1B9-4A63-8E87-E9BAD3567D4B}.Debug|Any CPU.Build.0 = Debug|Any CPU
		{C2F5FEA8-B1B9-4A63-8E87-E9BAD3567D4B}.Release|Any CPU.ActiveCfg = Release|Any CPU
		{C2F5FEA8-B1B9-4A63-8E87-E9BAD3567D4B}.Release|Any CPU.Build.0 = Release|Any CPU
	EndGlobalSection
	GlobalSection(SolutionProperties) = preSolution
		HideSolutionNode = FALSE
	EndGlobalSection
	GlobalSection(ExtensibilityGlobals) = postSolution
		SolutionGuid = {5E7F0B48-2AB5-40F5-B702-3E61CD490DE3}
	EndGlobalSection
EndGlobal
